
Microsoft Visual Studio Solution File, Format Version 12.00
# Visual Studio 15
VisualStudioVersion = 15.0.26730.15
MinimumVisualStudioVersion = 10.0.40219.1
Project("{FAE04EC0-301F-11D3-BF4B-00C04F79EFBC}") = "gluttonous-snake", "GluttonousSnake\gluttonous-snake.csproj", "{AD8FE536-CAF8-4029-9150-95697038A855}"
EndProject
Global
	GlobalSection(SolutionConfigurationPlatforms) = preSolution
		Debug|Any CPU = Debug|Any CPU
		Release|Any CPU = Release|Any CPU
	EndGlobalSection
	GlobalSection(ProjectConfigurationPlatforms) = postSolution
		{AD8FE536-CAF8-4029-9150-95697038A855}.Debug|Any CPU.ActiveCfg = Debug|Any CPU
		{AD8FE536-CAF8-4029-9150-95697038A855}.Debug|Any CPU.Build.0 = Debug|Any CPU
		{AD8FE536-CAF8-4029-9150-95697038A855}.Release|Any CPU.ActiveCfg = Release|Any CPU
		{AD8FE536-CAF8-4029-9150-95697038A855}.Release|Any CPU.Build.0 = Release|Any CPU
	EndGlobalSection
	GlobalSection(SolutionProperties) = preSolution
		HideSolutionNode = FALSE
	EndGlobalSection
	GlobalSection(ExtensibilityGlobals) = postSolution
		VisualSVNWorkingCopyRoot = .
		SolutionGuid = {B01560BC-6A7F-45A0-9F86-E2260CB14371}
	EndGlobalSection
EndGlobal
